// !$*UTF8*$!
{
	archiveVersion = 1;
	classes = {
	};
	objectVersion = 46;
	objects = {

/* Begin PBXBuildFile section */
		9400105319D4B8910018BC8E /* AppDelegate.swift in Sources */ = {isa = PBXBuildFile; fileRef = 9400105219D4B8910018BC8E /* AppDelegate.swift */; };
		9400105519D4B8910018BC8E /* ViewController.swift in Sources */ = {isa = PBXBuildFile; fileRef = 9400105419D4B8910018BC8E /* ViewController.swift */; };
		9400105819D4B8910018BC8E /* Main.storyboard in Resources */ = {isa = PBXBuildFile; fileRef = 9400105619D4B8910018BC8E /* Main.storyboard */; };
		9400105A19D4B8910018BC8E /* Images.xcassets in Resources */ = {isa = PBXBuildFile; fileRef = 9400105919D4B8910018BC8E /* Images.xcassets */; };
		9400105D19D4B8910018BC8E /* LaunchScreen.xib in Resources */ = {isa = PBXBuildFile; fileRef = 9400105B19D4B8910018BC8E /* LaunchScreen.xib */; };
		9400106919D4B8920018BC8E /* PostcardTests.swift in Sources */ = {isa = PBXBuildFile; fileRef = 9400106819D4B8920018BC8E /* PostcardTests.swift */; };
/* End PBXBuildFile section */

/* Begin PBXContainerItemProxy section */
		9400106319D4B8920018BC8E /* PBXContainerItemProxy */ = {
			isa = PBXContainerItemProxy;
			containerPortal = 9400104519D4B8910018BC8E /* Project object */;
			proxyType = 1;
			remoteGlobalIDString = 9400104C19D4B8910018BC8E;
			remoteInfo = Postcard;
		};
/* End PBXContainerItemProxy section */

/* Begin PBXFileReference section */
		9400104D19D4B8910018BC8E /* Postcard.app */ = {isa = PBXFileReference; explicitFileType = wrapper.application; includeInIndex = 0; path = Postcard.app; sourceTree = BUILT_PRODUCTS_DIR; };
		9400105119D4B8910018BC8E /* Info.plist */ = {isa = PBXFileReference; lastKnownFileType = text.plist.xml; path = Info.plist; sourceTree = "<group>"; };
		9400105219D4B8910018BC8E /* AppDelegate.swift */ = {isa = PBXFileReference; lastKnownFileType = sourcecode.swift; path = AppDelegate.swift; sourceTree = "<group>"; };
		9400105419D4B8910018BC8E /* ViewController.swift */ = {isa = PBXFileReference; lastKnownFileType = sourcecode.swift; path = ViewController.swift; sourceTree = "<group>"; };
		9400105719D4B8910018BC8E /* Base */ = {isa = PBXFileReference; lastKnownFileType = file.storyboard; name = Base; path = Base.lproj/Main.storyboard; sourceTree = "<group>"; };
		9400105919D4B8910018BC8E /* Images.xcassets */ = {isa = PBXFileReference; lastKnownFileType = folder.assetcatalog; path = Images.xcassets; sourceTree = "<group>"; };
		9400105C19D4B8910018BC8E /* Base */ = {isa = PBXFileReference; lastKnownFileType = file.xib; name = Base; path = Base.lproj/LaunchScreen.xib; sourceTree = "<group>"; };
		9400106219D4B8920018BC8E /* PostcardTests.xctest */ = {isa = PBXFileReference; explicitFileType = wrapper.cfbundle; includeInIndex = 0; path = PostcardTests.xctest; sourceTree = BUILT_PRODUCTS_DIR; };
		9400106719D4B8920018BC8E /* Info.plist */ = {isa = PBXFileReference; lastKnownFileType = text.plist.xml; path = Info.plist; sourceTree = "<group>"; };
		9400106819D4B8920018BC8E /* PostcardTests.swift */ = {isa = PBXFileReference; lastKnownFileType = sourcecode.swift; path = PostcardTests.swift; sourceTree = "<group>"; };
/* End PBXFileReference section */

/* Begin PBXFrameworksBuildPhase section */
		9400104A19D4B8910018BC8E /* Frameworks */ = {
			isa = PBXFrameworksBuildPhase;
			buildActionMask = 2147483647;
			files = (
			);
			runOnlyForDeploymentPostprocessing = 0;
		};
		9400105F19D4B8920018BC8E /* Frameworks */ = {
			isa = PBXFrameworksBuildPhase;
			buildActionMask = 2147483647;
			files = (
			);
			runOnlyForDeploymentPostprocessing = 0;
		};
/* End PBXFrameworksBuildPhase section */

/* Begin PBXGroup section */
		9400104419D4B8910018BC8E = {
			isa = PBXGroup;
			children = (
				9400104F19D4B8910018BC8E /* Postcard */,
				9400106519D4B8920018BC8E /* PostcardTests */,
				9400104E19D4B8910018BC8E /* Products */,
			);
			sourceTree = "<group>";
		};
		9400104E19D4B8910018BC8E /* Products */ = {
			isa = PBXGroup;
			children = (
				9400104D19D4B8910018BC8E /* Postcard.app */,
				9400106219D4B8920018BC8E /* PostcardTests.xctest */,
			);
			name = Products;
			sourceTree = "<group>";
		};
		9400104F19D4B8910018BC8E /* Postcard */ = {
			isa = PBXGroup;
			children = (
				9400105219D4B8910018BC8E /* AppDelegate.swift */,
				9400105419D4B8910018BC8E /* ViewController.swift */,
				9400105619D4B8910018BC8E /* Main.storyboard */,
				9400105919D4B8910018BC8E /* Images.xcassets */,
				9400105B19D4B8910018BC8E /* LaunchScreen.xib */,
				9400105019D4B8910018BC8E /* Supporting Files */,
			);
			path = Postcard;
			sourceTree = "<group>";
		};
		9400105019D4B8910018BC8E /* Supporting Files */ = {
			isa = PBXGroup;
			children = (
				9400105119D4B8910018BC8E /* Info.plist */,
			);
			name = "Supporting Files";
			sourceTree = "<group>";
		};
		9400106519D4B8920018BC8E /* PostcardTests */ = {
			isa = PBXGroup;
			children = (
				9400106819D4B8920018BC8E /* PostcardTests.swift */,
				9400106619D4B8920018BC8E /* Supporting Files */,
			);
			path = PostcardTests;
			sourceTree = "<group>";
		};
		9400106619D4B8920018BC8E /* Supporting Files */ = {
			isa = PBXGroup;
			children = (
				9400106719D4B8920018BC8E /* Info.plist */,
			);
			name = "Supporting Files";
			sourceTree = "<group>";
		};
/* End PBXGroup section */

/* Begin PBXNativeTarget section */
		9400104C19D4B8910018BC8E /* Postcard */ = {
			isa = PBXNativeTarget;
			buildConfigurationList = 9400106C19D4B8920018BC8E /* Build configuration list for PBXNativeTarget "Postcard" */;
			buildPhases = (
				9400104919D4B8910018BC8E /* Sources */,
				9400104A19D4B8910018BC8E /* Frameworks */,
				9400104B19D4B8910018BC8E /* Resources */,
			);
			buildRules = (
			);
			dependencies = (
			);
			name = Postcard;
			productName = Postcard;
			productReference = 9400104D19D4B8910018BC8E /* Postcard.app */;
			productType = "com.apple.product-type.application";
		};
		9400106119D4B8920018BC8E /* PostcardTests */ = {
			isa = PBXNativeTarget;
			buildConfigurationList = 9400106F19D4B8920018BC8E /* Build configuration list for PBXNativeTarget "PostcardTests" */;
			buildPhases = (
				9400105E19D4B8920018BC8E /* Sources */,
				9400105F19D4B8920018BC8E /* Frameworks */,
				9400106019D4B8920018BC8E /* Resources */,
			);
			buildRules = (
			);
			dependencies = (
				9400106419D4B8920018BC8E /* PBXTargetDependency */,
			);
			name = PostcardTests;
			productName = PostcardTests;
			productReference = 9400106219D4B8920018BC8E /* PostcardTests.xctest */;
			productType = "com.apple.product-type.bundle.unit-test";
		};
/* End PBXNativeTarget section */

/* Begin PBXProject section */
		9400104519D4B8910018BC8E /* Project object */ = {
			isa = PBXProject;
			attributes = {
				LastUpgradeCheck = 0600;
				ORGANIZATIONNAME = Azert;
				TargetAttributes = {
					9400104C19D4B8910018BC8E = {
						CreatedOnToolsVersion = 6.0.1;
					};
					9400106119D4B8920018BC8E = {
						CreatedOnToolsVersion = 6.0.1;
						TestTargetID = 9400104C19D4B8910018BC8E;
					};
				};
			};
			buildConfigurationList = 9400104819D4B8910018BC8E /* Build configuration list for PBXProject "Postcard" */;
			compatibilityVersion = "Xcode 3.2";
			developmentRegion = English;
			hasScannedForEncodings = 0;
			knownRegions = (
				en,
				Base,
			);
			mainGroup = 9400104419D4B8910018BC8E;
			productRefGroup = 9400104E19D4B8910018BC8E /* Products */;
			projectDirPath = "";
			projectRoot = "";
			targets = (
				9400104C19D4B8910018BC8E /* Postcard */,
				9400106119D4B8920018BC8E /* PostcardTests */,
			);
		};
/* End PBXProject section */

/* Begin PBXResourcesBuildPhase section */
		9400104B19D4B8910018BC8E /* Resources */ = {
			isa = PBXResourcesBuildPhase;
			buildActionMask = 2147483647;
			files = (
				9400105819D4B8910018BC8E /* Main.storyboard in Resources */,
				9400105D19D4B8910018BC8E /* LaunchScreen.xib in Resources */,
				9400105A19D4B8910018BC8E /* Images.xcassets in Resources */,
			);
			runOnlyForDeploymentPostprocessing = 0;
		};
		9400106019D4B8920018BC8E /* Resources */ = {
			isa = PBXResourcesBuildPhase;
			buildActionMask = 2147483647;
			files = (
			);
			runOnlyForDeploymentPostprocessing = 0;
		};
/* End PBXResourcesBuildPhase section */

/* Begin PBXSourcesBuildPhase section */
		9400104919D4B8910018BC8E /* Sources */ = {
			isa = PBXSourcesBuildPhase;
			buildActionMask = 2147483647;
			files = (
				9400105519D4B8910018BC8E /* ViewController.swift in Sources */,
				9400105319D4B8910018BC8E /* AppDelegate.swift in Sources */,
			);
			runOnlyForDeploymentPostprocessing = 0;
		};
		9400105E19D4B8920018BC8E /* Sources */ = {
			isa = PBXSourcesBuildPhase;
			buildActionMask = 2147483647;
			files = (
				9400106919D4B8920018BC8E /* PostcardTests.swift in Sources */,
			);
			runOnlyForDeploymentPostprocessing = 0;
		};
/* End PBXSourcesBuildPhase section */

/* Begin PBXTargetDependency section */
		9400106419D4B8920018BC8E /* PBXTargetDependency */ = {
			isa = PBXTargetDependency;
			target = 9400104C19D4B8910018BC8E /* Postcard */;
			targetProxy = 9400106319D4B8920018BC8E /* PBXContainerItemProxy */;
		};
/* End PBXTargetDependency section */

/* Begin PBXVariantGroup section */
		9400105619D4B8910018BC8E /* Main.storyboard */ = {
			isa = PBXVariantGroup;
			children = (
				9400105719D4B8910018BC8E /* Base */,
			);
			name = Main.storyboard;
			sourceTree = "<group>";
		};
		9400105B19D4B8910018BC8E /* LaunchScreen.xib */ = {
			isa = PBXVariantGroup;
			children = (
				9400105C19D4B8910018BC8E /* Base */,
			);
			name = LaunchScreen.xib;
			sourceTree = "<group>";
		};
/* End PBXVariantGroup section */

/* Begin XCBuildConfiguration section */
		9400106A19D4B8920018BC8E /* Debug */ = {
			isa = XCBuildConfiguration;
			buildSettings = {
				ALWAYS_SEARCH_USER_PATHS = NO;
				CLANG_CXX_LANGUAGE_STANDARD = "gnu++0x";
				CLANG_CXX_LIBRARY = "libc++";
				CLANG_ENABLE_MODULES = YES;
				CLANG_ENABLE_OBJC_ARC = YES;
				CLANG_WARN_BOOL_CONVERSION = YES;
				CLANG_WARN_CONSTANT_CONVERSION = YES;
				CLANG_WARN_DIRECT_OBJC_ISA_USAGE = YES_ERROR;
				CLANG_WARN_EMPTY_BODY = YES;
				CLANG_WARN_ENUM_CONVERSION = YES;
				CLANG_WARN_INT_CONVERSION = YES;
				CLANG_WARN_OBJC_ROOT_CLASS = YES_ERROR;
				CLANG_WARN_UNREACHABLE_CODE = YES;
				CLANG_WARN__DUPLICATE_METHOD_MATCH = YES;
				"CODE_SIGN_IDENTITY[sdk=iphoneos*]" = "iPhone Developer";
				COPY_PHASE_STRIP = NO;
				ENABLE_STRICT_OBJC_MSGSEND = YES;
				GCC_C_LANGUAGE_STANDARD = gnu99;
				GCC_DYNAMIC_NO_PIC = NO;
				GCC_OPTIMIZATION_LEVEL = 0;
				GCC_PREPROCESSOR_DEFINITIONS = (
					"DEBUG=1",
					"$(inherited)",
				);
				GCC_SYMBOLS_PRIVATE_EXTERN = NO;
				GCC_WARN_64_TO_32_BIT_CONVERSION = YES;
				GCC_WARN_ABOUT_RETURN_TYPE = YES_ERROR;
				GCC_WARN_UNDECLARED_SELECTOR = YES;
				GCC_WARN_UNINITIALIZED_AUTOS = YES_AGGRESSIVE;
				GCC_WARN_UNUSED_FUNCTION = YES;
				GCC_WARN_UNUSED_VARIABLE = YES;
				IPHONEOS_DEPLOYMENT_TARGET = 8.0;
				MTL_ENABLE_DEBUG_INFO = YES;
				ONLY_ACTIVE_ARCH = YES;
				SDKROOT = iphoneos;
				SWIFT_OPTIMIZATION_LEVEL = "-Onone";
			};
			name = Debug;
		};
		9400106B19D4B8920018BC8E /* Release */ = {
			isa = XCBuildConfiguration;
			buildSettings = {
				ALWAYS_SEARCH_USER_PATHS = NO;
				CLANG_CXX_LANGUAGE_STANDARD = "gnu++0x";
				CLANG_CXX_LIBRARY = "libc++";
				CLANG_ENABLE_MODULES = YES;
				CLANG_ENABLE_OBJC_ARC = YES;
				CLANG_WARN_BOOL_CONVERSION = YES;
				CLANG_WARN_CONSTANT_CONVERSION = YES;
				CLANG_WARN_DIRECT_OBJC_ISA_USAGE = YES_ERROR;
				CLANG_WARN_EMPTY_BODY = YES;
				CLANG_WARN_ENUM_CONVERSION = YES;
				CLANG_WARN_INT_CONVERSION = YES;
				CLANG_WARN_OBJC_ROOT_CLASS = YES_ERROR;
				CLANG_WARN_UNREACHABLE_CODE = YES;
				CLANG_WARN__DUPLICATE_METHOD_MATCH = YES;
				"CODE_SIGN_IDENTITY[sdk=iphoneos*]" = "iPhone Developer";
				COPY_PHASE_STRIP = YES;
				ENABLE_NS_ASSERTIONS = NO;
				ENABLE_STRICT_OBJC_MSGSEND = YES;
				GCC_C_LANGUAGE_STANDARD = gnu99;
				GCC_WARN_64_TO_32_BIT_CONVERSION = YES;
				GCC_WARN_ABOUT_RETURN_TYPE = YES_ERROR;
				GCC_WARN_UNDECLARED_SELECTOR = YES;
				GCC_WARN_UNINITIALIZED_AUTOS = YES_AGGRESSIVE;
				GCC_WARN_UNUSED_FUNCTION = YES;
				GCC_WARN_UNUSED_VARIABLE = YES;
				IPHONEOS_DEPLOYMENT_TARGET = 8.0;
				MTL_ENABLE_DEBUG_INFO = NO;
				SDKROOT = iphoneos;
				VALIDATE_PRODUCT = YES;
			};
			name = Release;
		};
		9400106D19D4B8920018BC8E /* Debug */ = {
			isa = XCBuildConfiguration;
			buildSettings = {
				ASSETCATALOG_COMPILER_APPICON_NAME = AppIcon;
				INFOPLIST_FILE = Postcard/Info.plist;
				LD_RUNPATH_SEARCH_PATHS = "$(inherited) @executable_path/Frameworks";
				PRODUCT_NAME = "$(TARGET_NAME)";
			};
			name = Debug;
		};
		9400106E19D4B8920018BC8E /* Release */ = {
			isa = XCBuildConfiguration;
			buildSettings = {
				ASSETCATALOG_COMPILER_APPICON_NAME = AppIcon;
				INFOPLIST_FILE = Postcard/Info.plist;
				LD_RUNPATH_SEARCH_PATHS = "$(inherited) @executable_path/Frameworks";
				PRODUCT_NAME = "$(TARGET_NAME)";
			};
			name = Release;
		};
		9400107019D4B8920018BC8E /* Debug */ = {
			isa = XCBuildConfiguration;
			buildSettings = {
				BUNDLE_LOADER = "$(TEST_HOST)";
				FRAMEWORK_SEARCH_PATHS = (
					"$(SDKROOT)/Developer/Library/Frameworks",
					"$(inherited)",
				);
				GCC_PREPROCESSOR_DEFINITIONS = (
					"DEBUG=1",
					"$(inherited)",
				);
				INFOPLIST_FILE = PostcardTests/Info.plist;
				LD_RUNPATH_SEARCH_PATHS = "$(inherited) @executable_path/Frameworks @loader_path/Frameworks";
				PRODUCT_NAME = "$(TARGET_NAME)";
				TEST_HOST = "$(BUILT_PRODUCTS_DIR)/Postcard.app/Postcard";
			};
			name = Debug;
		};
		9400107119D4B8920018BC8E /* Release */ = {
			isa = XCBuildConfiguration;
			buildSettings = {
				BUNDLE_LOADER = "$(TEST_HOST)";
				FRAMEWORK_SEARCH_PATHS = (
					"$(SDKROOT)/Developer/Library/Frameworks",
					"$(inherited)",
				);
				INFOPLIST_FILE = PostcardTests/Info.plist;
				LD_RUNPATH_SEARCH_PATHS = "$(inherited) @executable_path/Frameworks @loader_path/Frameworks";
				PRODUCT_NAME = "$(TARGET_NAME)";
				TEST_HOST = "$(BUILT_PRODUCTS_DIR)/Postcard.app/Postcard";
			};
			name = Release;
		};
/* End XCBuildConfiguration section */

/* Begin XCConfigurationList section */
		9400104819D4B8910018BC8E /* Build configuration list for PBXProject "Postcard" */ = {
			isa = XCConfigurationList;
			buildConfigurations = (
				9400106A19D4B8920018BC8E /* Debug */,
				9400106B19D4B8920018BC8E /* Release */,
			);
			defaultConfigurationIsVisible = 0;
			defaultConfigurationName = Release;
		};
		9400106C19D4B8920018BC8E /* Build configuration list for PBXNativeTarget "Postcard" */ = {
			isa = XCConfigurationList;
			buildConfigurations = (
				9400106D19D4B8920018BC8E /* Debug */,
				9400106E19D4B8920018BC8E /* Release */,
			);
			defaultConfigurationIsVisible = 0;
		};
		9400106F19D4B8920018BC8E /* Build configuration list for PBXNativeTarget "PostcardTests" */ = {
			isa = XCConfigurationList;
			buildConfigurations = (
				9400107019D4B8920018BC8E /* Debug */,
				9400107119D4B8920018BC8E /* Release */,
			);
			defaultConfigurationIsVisible = 0;
		};
/* End XCConfigurationList section */
	};
	rootObject = 9400104519D4B8910018BC8E /* Project object */;
}
